{
    "name": "jsonmapper-devtools",
    "lockfileVersion": 3,
    "requires": true,
    "packages": {
        "": {
            "name": "jsonmapper-devtools",
            "license": "MIT",
            "devDependencies": {
                "jscpd": "5.3.2"
            }
        },
        "node_modules/jscpd": {
            "version": "5.3.2",
            "resolved": "https://registry.npmjs.org/jscpd/-/jscpd-5.3.2.tgz",
            "integrity": "sha512-siYdg3TBNwizWFaYPgr1vwuSs+NWeKJjLAbd00Nkmr2y8TSZRSW0cOGKtqSLgOv7QXDbC/XECnCrZEm5v6RMkg==",
            "dev": true,
            "license": "MIT",
            "bin": {
                "jscpd": "run-jscpd.js"
            },
            "engines": {
                "node": ">=18"
            },
            "funding": {
                "url": "https://opencollective.com/jscpd"
            },
            "optionalDependencies": {
                "jscpd-darwin-arm64": "5.3.2",
                "jscpd-darwin-x64": "5.3.2",
                "jscpd-linux-arm64-gnu": "5.3.2",
                "jscpd-linux-arm64-musl": "5.3.2",
                "jscpd-linux-x64-gnu": "5.3.2",
                "jscpd-linux-x64-musl": "5.3.2",
                "jscpd-windows-arm64-msvc": "5.3.2",
                "jscpd-windows-x64-msvc": "5.3.2"
            }
        },
        "node_modules/jscpd-darwin-arm64": {
            "version": "5.3.2",
            "resolved": "https://registry.npmjs.org/jscpd-darwin-arm64/-/jscpd-darwin-arm64-5.3.2.tgz",
            "integrity": "sha512-dlNh+revPs3X1yTRNAYqZD9u7eqiR9I+KoNvEk9JzSwzOuaUQrgwpP5EZQB0NKuF0oZZZeKrk05OTsNorVpqmQ==",
            "cpu": [
                "arm64"
            ],
            "dev": true,
            "license": "MIT",
            "optional": true,
            "os": [
                "darwin"
            ]
        },
        "node_modules/jscpd-darwin-x64": {
            "version": "5.3.2",
            "resolved": "https://registry.npmjs.org/jscpd-darwin-x64/-/jscpd-darwin-x64-5.3.2.tgz",
            "integrity": "sha512-JUt9dhLw2k1WNLqbFcqbDf8ErR6mp9ucKn+chRBsBRdx7MNbdEXmV5UuHRBO8d9h7Cw1eSpfpBPMTCXOS4aaeA==",
            "cpu": [
                "x64"
            ],
            "dev": true,
            "license": "MIT",
            "optional": true,
            "os": [
                "darwin"
            ]
        },
        "node_modules/jscpd-linux-arm64-gnu": {
            "version": "5.3.2",
            "resolved": "https://registry.npmjs.org/jscpd-linux-arm64-gnu/-/jscpd-linux-arm64-gnu-5.3.2.tgz",
            "integrity": "sha512-4+Z/fW7nqruf47AXRXPe8nTeExPm93Gt4A/6B4Wsi6b0G8Ei/tYDxB4jAwUBXnOGVwxrr/IDJlgSEvHLbzX+MQ==",
            "cpu": [
                "arm64"
            ],
            "dev": true,
            "libc": [
                "glibc"
            ],
            "license": "MIT",
            "optional": true,
            "os": [
                "linux"
            ]
        },
        "node_modules/jscpd-linux-arm64-musl": {
            "version": "5.3.2",
            "resolved": "https://registry.npmjs.org/jscpd-linux-arm64-musl/-/jscpd-linux-arm64-musl-5.3.2.tgz",
            "integrity": "sha512-+OsVA0iLfDNUIzJArAaJnGyOHxsflpbpkGh/mWs2nZV7vPd1g5Y9SWO+vj83f6BdaO9VNbUbaQAY4dBYadfHIA==",
            "cpu": [
                "arm64"
            ],
            "dev": true,
            "libc": [
                "musl"
            ],
            "license": "MIT",
            "optional": true,
            "os": [
                "linux"
            ]
        },
        "node_modules/jscpd-linux-x64-gnu": {
            "version": "5.3.2",
            "resolved": "https://registry.npmjs.org/jscpd-linux-x64-gnu/-/jscpd-linux-x64-gnu-5.3.2.tgz",
            "integrity": "sha512-DsNsbCCc5mMOGZdhzgPETsp9RAaKk03cdx1K9wx9RShePnF+AXstYYSiW7M/qjZqvBMlSpO60BXpJvNUQljJJg==",
            "cpu": [
                "x64"
            ],
            "dev": true,
            "libc": [
                "glibc"
            ],
            "license": "MIT",
            "optional": true,
            "os": [
                "linux"
            ]
        },
        "node_modules/jscpd-linux-x64-musl": {
            "version": "5.3.2",
            "resolved": "https://registry.npmjs.org/jscpd-linux-x64-musl/-/jscpd-linux-x64-musl-5.3.2.tgz",
            "integrity": "sha512-9D+Jg4MXTHoY5FiK6Fh3FeAr1MsqNS98X5zMUH6PNXu9PKsT0g3Rez2vdYOnoKOE4n8o1XAs8eyU0pm3+HYwog==",
            "cpu": [
                "x64"
            ],
            "dev": true,
            "libc": [
                "musl"
            ],
            "license": "MIT",
            "optional": true,
            "os": [
                "linux"
            ]
        },
        "node_modules/jscpd-windows-arm64-msvc": {
            "version": "5.3.2",
            "resolved": "https://registry.npmjs.org/jscpd-windows-arm64-msvc/-/jscpd-windows-arm64-msvc-5.3.2.tgz",
            "integrity": "sha512-qPqZEMHUOjc5tKVU7PElyIhI1J0xyAuQ44S2SwLvKS5qw1NATGTaGhp8MuJkrvTmNcNZmLF0Me6Cv6zj6DVlWA==",
            "cpu": [
                "arm64"
            ],
            "dev": true,
            "license": "MIT",
            "optional": true,
            "os": [
                "win32"
            ]
        },
        "node_modules/jscpd-windows-x64-msvc": {
            "version": "5.3.2",
            "resolved": "https://registry.npmjs.org/jscpd-windows-x64-msvc/-/jscpd-windows-x64-msvc-5.3.2.tgz",
            "integrity": "sha512-WfO1k0/NXA+2HjLaWUkheQv6bEkYrI4WKa/Cf429+dnpdiYB6S8KpJyd6/xGJd+XJ9nKhE0mIFuk3+VdXtaFMQ==",
            "cpu": [
                "x64"
            ],
            "dev": true,
            "license": "MIT",
            "optional": true,
            "os": [
                "win32"
            ]
        }
    }
}
